# THIS IS AN AUTOGENERATED FILE. DO NOT EDIT THIS FILE DIRECTLY.
# yarn lockfile v1


ansi-color@^0.2.1:
  version "0.2.1"
  resolved "https://registry.yarnpkg.com/ansi-color/-/ansi-color-0.2.1.tgz#3e75c037475217544ed763a8db5709fa9ae5bf9a"
  integrity sha1-PnXAN0dSF1RO12Oo21cJ+prlv5o=

argparse@^1.0.7:
  version "1.0.10"
  resolved "https://registry.yarnpkg.com/argparse/-/argparse-1.0.10.tgz#bcd6791ea5ae09725e17e5ad988134cd40b3d911"
  integrity sha512-o5Roy6tNG4SL/FOkCAN6RzjiakZS25RLYFrcMttJqbdd8BWrnA+fGz57iN5Pb06pvBGvl5gQ0B48dJlslXvoTg==
  dependencies:
    sprintf-js "~1.0.2"

bufrw@^1.2.1:
  version "1.2.1"
  resolved "https://registry.yarnpkg.com/bufrw/-/bufrw-1.2.1.tgz#93f222229b4f5f5e2cd559236891407f9853663b"
  integrity sha1-k/IiIptPX14s1VkjaJFAf5hTZjs=
  dependencies:
    ansi-color "^0.2.1"
    error "^7.0.0"
    xtend "^4.0.0"

debug@^3.1.0:
  version "3.2.6"
  resolved "https://registry.yarnpkg.com/debug/-/debug-3.2.6.tgz#e83d17de16d8a7efb7717edbe5fb10135eee629b"
  integrity sha512-mel+jf7nrtEl5Pn1Qx46zARXKDpBbvzezse7p7LqINmdoIk8PYP5SySaxEmYv6TZ0JyEKA1hsCId6DIhgITtWQ==
  dependencies:
    ms "^2.1.1"

error@7.0.2, error@^7.0.0:
  version "7.0.2"
  resolved "https://registry.yarnpkg.com/error/-/error-7.0.2.tgz#a5f75fff4d9926126ddac0ea5dc38e689153cb02"
  integrity sha1-pfdf/02ZJhJt2sDqXcOOaJFTywI=
  dependencies:
    string-template "~0.2.1"
    xtend "~4.0.0"

esprima@^4.0.0:
  version "4.0.1"
  resolved "https://registry.yarnpkg.com/esprima/-/esprima-4.0.1.tgz#13b04cdb3e6c5d19df91ab6987a8695619b0aa71"
  integrity sha512-eGuFFw7Upda+g4p+QHvnW0RyTX/SVeJBDM/gCtMARO0cLuT2HcEKnTPvhjV6aGeqrCB/sbNop0Kszm0jsaWU4A==

fs-extra@^5.0.0:
  version "5.0.0"
  resolved "https://registry.yarnpkg.com/fs-extra/-/fs-extra-5.0.0.tgz#414d0110cdd06705734d055652c5411260c31abd"
  integrity sha512-66Pm4RYbjzdyeuqudYqhFiNBbCIuI9kgRqLPSHIlXHidW8NIQtVdkM1yeZ4lXwuhbTETv3EUGMNHAAw6hiundQ==
  dependencies:
    graceful-fs "^4.1.2"
    jsonfile "^4.0.0"
    universalify "^0.1.0"

graceful-fs@^4.1.2, graceful-fs@^4.1.6:
  version "4.1.15"
  resolved "https://registry.yarnpkg.com/graceful-fs/-/graceful-fs-4.1.15.tgz#ffb703e1066e8a0eeaa4c8b80ba9253eeefbfb00"
  integrity sha512-6uHUhOPEBgQ24HM+r6b/QwWfZq+yiFcipKFrOFiBEnWdy5sdzYoi+pJeQaPI5qOLRFqWmAXUPQNsielzdLoecA==

jaeger-client@^3.13.0:
  version "3.13.0"
  resolved "https://registry.yarnpkg.com/jaeger-client/-/jaeger-client-3.13.0.tgz#c5b228242d65389a13eb24eeb56a55409d72c94e"
  integrity sha512-ykrXLxcmSHSdDXqK6/DY+IObekfj4kbONC3QPu/ln7sbY5bsA+Yu4LYVlW9/vLm0lxLlsz52mSyC+sjiqM8xCw==
  dependencies:
    node-int64 "^0.4.0"
    opentracing "^0.13.0"
    thriftrw "^3.5.0"
    uuid "^3.2.1"
    xorshift "^0.2.0"

js-yaml@^3.11.0:
  version "3.12.0"
  resolved "https://registry.yarnpkg.com/js-yaml/-/js-yaml-3.12.0.tgz#eaed656ec8344f10f527c6bfa1b6e2244de167d1"
  integrity sha512-PIt2cnwmPfL4hKNwqeiuz4bKfnzHTBv6HyVgjahA6mPLwPDzjDWrplJBMjHUFxku/N3FlmrbyPclad+I+4mJ3A==
  dependencies:
    argparse "^1.0.7"
    esprima "^4.0.0"

jsonfile@^4.0.0:
  version "4.0.0"
  resolved "https://registry.yarnpkg.com/jsonfile/-/jsonfile-4.0.0.tgz#8771aae0799b64076b76640fca058f9c10e33ecb"
  integrity sha1-h3Gq4HmbZAdrdmQPygWPnBDjPss=
  optionalDependencies:
    graceful-fs "^4.1.6"

lodash@^4.17.5:
  version "4.17.11"
  resolved "https://registry.yarnpkg.com/lodash/-/lodash-4.17.11.tgz#b39ea6229ef607ecd89e2c8df12536891cac9b8d"
  integrity sha512-cQKh8igo5QUhZ7lg38DYWAxMvjSAKG0A8wGSVimP07SIUEK2UO+arSRKbRZWtelMtN5V0Hkwh5ryOto/SshYIg==

long@^2.4.0:
  version "2.4.0"
  resolved "https://registry.yarnpkg.com/long/-/long-2.4.0.tgz#9fa180bb1d9500cdc29c4156766a1995e1f4524f"
  integrity sha1-n6GAux2VAM3CnEFWdmoZleH0Uk8=

ms@^2.1.1:
  version "2.1.1"
  resolved "https://registry.yarnpkg.com/ms/-/ms-2.1.1.tgz#30a5864eb3ebb0a66f2ebe6d727af06a09d86e0a"
  integrity sha512-tgp+dl5cGk28utYktBsrFqA7HKgrhgPsg6Z/EfhWI4gl1Hwq8B/GmY/0oXZ6nF8hDVesS/FpnYaD/kOWhYQvyg==

node-int64@^0.4.0:
  version "0.4.0"
  resolved "https://registry.yarnpkg.com/node-int64/-/node-int64-0.4.0.tgz#87a9065cdb355d3182d8f94ce11188b825c68a3b"
  integrity sha1-h6kGXNs1XTGC2PlM4RGIuCXGijs=

opentracing@^0.13.0:
  version "0.13.0"
  resolved "https://registry.yarnpkg.com/opentracing/-/opentracing-0.13.0.tgz#6a341442f09d7d866bc11ed03de1e3828e3d6aab"
  integrity sha1-ajQUQvCdfYZrwR7QPeHjgo49aqs=

sprintf-js@~1.0.2:
  version "1.0.3"
  resolved "https://registry.yarnpkg.com/sprintf-js/-/sprintf-js-1.0.3.tgz#04e6926f662895354f3dd015203633b857297e2c"
  integrity sha1-BOaSb2YolTVPPdAVIDYzuFcpfiw=

string-template@~0.2.1:
  version "0.2.1"
  resolved "https://registry.yarnpkg.com/string-template/-/string-template-0.2.1.tgz#42932e598a352d01fc22ec3367d9d84eec6c9add"
  integrity sha1-QpMuWYo1LQH8IuwzZ9nYTuxsmt0=

systeminformation@^3.37.7:
  version "3.52.4"
  resolved "https://registry.yarnpkg.com/systeminformation/-/systeminformation-3.52.4.tgz#9405017d729bf1056751119a09bf612fabee81b5"
  integrity sha512-wkttGHpFNB/Jd+xkIwuJ+0Cd6EkZP968lCy7/JhnqZwC1QGUHZtIboG6rkfG3YTbfvmIqrF94OG5J4uRPuPFiQ==

thriftrw@^3.5.0:
  version "3.11.3"
  resolved "https://registry.yarnpkg.com/thriftrw/-/thriftrw-3.11.3.tgz#2cef6b4d089b7ba6275198b86582881582907d45"
  integrity sha512-mnte80Go5MCfYyOQ9nk6SljaEicCXlwLchupHR+/zlx0MKzXwAiyt38CHjLZVvKtoyEzirasXuNYtkEjgghqCw==
  dependencies:
    bufrw "^1.2.1"
    error "7.0.2"
    long "^2.4.0"

universalify@^0.1.0:
  version "0.1.2"
  resolved "https://registry.yarnpkg.com/universalify/-/universalify-0.1.2.tgz#b646f69be3942dabcecc9d6639c80dc105efaa66"
  integrity sha512-rBJeI5CXAlmy1pV+617WB9J63U6XcazHHF2f2dbJix4XzpUF0RS3Zbj0FGIOCAva5P/d/GBOYaACQ1w+0azUkg==

uuid@^3.2.1:
  version "3.3.2"
  resolved "https://registry.yarnpkg.com/uuid/-/uuid-3.3.2.tgz#1b4af4955eb3077c501c23872fc6513811587131"
  integrity sha512-yXJmeNaw3DnnKAOKJE51sL/ZaYfWJRl1pK9dr19YFCu0ObS231AB1/LbqTKRAQ5kw8A90rA6fr4riOUpTZvQZA==

xorshift@^0.2.0:
  version "0.2.1"
  resolved "https://registry.yarnpkg.com/xorshift/-/xorshift-0.2.1.tgz#fcd82267e9351c13f0fb9c73307f25331d29c63a"
  integrity sha1-/NgiZ+k1HBPw+5xzMH8lMx0pxjo=

xtend@^4.0.0, xtend@~4.0.0:
  version "4.0.1"
  resolved "https://registry.yarnpkg.com/xtend/-/xtend-4.0.1.tgz#a5c6d532be656e23db820efb943a1f04998d63af"
  integrity sha1-pcbVMr5lbiPbgg77lDofBJmNY68=
